// !$*UTF8*$!
{
	archiveVersion = 1;
	classes = {
	};
	objectVersion = 55;
	objects = {

/* Begin PBXBuildFile section */
		E3D635A727C047C30043308E /* AppDelegate.swift in Sources */ = {isa = PBXBuildFile; fileRef = E3D635A627C047C30043308E /* AppDelegate.swift */; };
		E3D635A927C047C30043308E /* SceneDelegate.swift in Sources */ = {isa = PBXBuildFile; fileRef = E3D635A827C047C30043308E /* SceneDelegate.swift */; };
		E3D635AB27C047C30043308E /* CurrentLocationViewController.swift in Sources */ = {isa = PBXBuildFile; fileRef = E3D635AA27C047C30043308E /* CurrentLocationViewController.swift */; };
		E3D635AE27C047C30043308E /* Main.storyboard in Resources */ = {isa = PBXBuildFile; fileRef = E3D635AC27C047C30043308E /* Main.storyboard */; };
		E3D635B127C047C30043308E /* MyLocations.xcdatamodeld in Sources */ = {isa = PBXBuildFile; fileRef = E3D635AF27C047C30043308E /* MyLocations.xcdatamodeld */; };
		E3D635B327C047C50043308E /* Assets.xcassets in Resources */ = {isa = PBXBuildFile; fileRef = E3D635B227C047C50043308E /* Assets.xcassets */; };
		E3D635B627C047C50043308E /* LaunchScreen.storyboard in Resources */ = {isa = PBXBuildFile; fileRef = E3D635B427C047C50043308E /* LaunchScreen.storyboard */; };
		E3D635BE27C062260043308E /* Extensions.swift in Sources */ = {isa = PBXBuildFile; fileRef = E3D635BD27C062260043308E /* Extensions.swift */; };
		E3D635C027C120DE0043308E /* LocationDetailsViewController.swift in Sources */ = {isa = PBXBuildFile; fileRef = E3D635BF27C120DD0043308E /* LocationDetailsViewController.swift */; };
		E3D635C227C1226A0043308E /* TwoLabelsCell.swift in Sources */ = {isa = PBXBuildFile; fileRef = E3D635C127C1226A0043308E /* TwoLabelsCell.swift */; };
		E3D635C927C183230043308E /* DescriptionCell.swift in Sources */ = {isa = PBXBuildFile; fileRef = E3D635C727C183230043308E /* DescriptionCell.swift */; };
		E3D635CA27C183230043308E /* DescriptionCell.xib in Resources */ = {isa = PBXBuildFile; fileRef = E3D635C827C183230043308E /* DescriptionCell.xib */; };
		E3D635D327C18E170043308E /* CategoryPickerViewController.swift in Sources */ = {isa = PBXBuildFile; fileRef = E3D635D227C18E170043308E /* CategoryPickerViewController.swift */; };
		E3D635D527C2A6F50043308E /* HudView.swift in Sources */ = {isa = PBXBuildFile; fileRef = E3D635D427C2A6F50043308E /* HudView.swift */; };
		E3D635D827C2DD520043308E /* Location+CoreDataClass.swift in Sources */ = {isa = PBXBuildFile; fileRef = E3D635D627C2DD520043308E /* Location+CoreDataClass.swift */; };
		E3D635D927C2DD520043308E /* Location+CoreDataProperties.swift in Sources */ = {isa = PBXBuildFile; fileRef = E3D635D727C2DD520043308E /* Location+CoreDataProperties.swift */; };
		E3D635DC27C3EB460043308E /* LocationsViewController.swift in Sources */ = {isa = PBXBuildFile; fileRef = E3D635DB27C3EB460043308E /* LocationsViewController.swift */; };
		E3D635E227C3F0E60043308E /* LocationCell.swift in Sources */ = {isa = PBXBuildFile; fileRef = E3D635E127C3F0E50043308E /* LocationCell.swift */; };
		E3D635E427C423A50043308E /* MapViewController.swift in Sources */ = {isa = PBXBuildFile; fileRef = E3D635E327C423A50043308E /* MapViewController.swift */; };
		E3D635E627C426A40043308E /* Protocols.swift in Sources */ = {isa = PBXBuildFile; fileRef = E3D635E527C426A40043308E /* Protocols.swift */; };
/* End PBXBuildFile section */

/* Begin PBXFileReference section */
		E3D635A327C047C30043308E /* MyLocations.app */ = {isa = PBXFileReference; explicitFileType = wrapper.application; includeInIndex = 0; path = MyLocations.app; sourceTree = BUILT_PRODUCTS_DIR; };
		E3D635A627C047C30043308E /* AppDelegate.swift */ = {isa = PBXFileReference; lastKnownFileType = sourcecode.swift; path = AppDelegate.swift; sourceTree = "<group>"; };
		E3D635A827C047C30043308E /* SceneDelegate.swift */ = {isa = PBXFileReference; lastKnownFileType = sourcecode.swift; path = SceneDelegate.swift; sourceTree = "<group>"; };
		E3D635AA27C047C30043308E /* CurrentLocationViewController.swift */ = {isa = PBXFileReference; lastKnownFileType = sourcecode.swift; path = CurrentLocationViewController.swift; sourceTree = "<group>"; };
		E3D635AD27C047C30043308E /* Base */ = {isa = PBXFileReference; lastKnownFileType = file.storyboard; name = Base; path = Base.lproj/Main.storyboard; sourceTree = "<group>"; };
		E3D635B027C047C30043308E /* MyLocations.xcdatamodel */ = {isa = PBXFileReference; lastKnownFileType = wrapper.xcdatamodel; path = MyLocations.xcdatamodel; sourceTree = "<group>"; };
		E3D635B227C047C50043308E /* Assets.xcassets */ = {isa = PBXFileReference; lastKnownFileType = folder.assetcatalog; path = Assets.xcassets; sourceTree = "<group>"; };
		E3D635B527C047C50043308E /* Base */ = {isa = PBXFileReference; lastKnownFileType = file.storyboard; name = Base; path = Base.lproj/LaunchScreen.storyboard; sourceTree = "<group>"; };
		E3D635B727C047C50043308E /* Info.plist */ = {isa = PBXFileReference; lastKnownFileType = text.plist.xml; path = Info.plist; sourceTree = "<group>"; };
		E3D635BD27C062260043308E /* Extensions.swift */ = {isa = PBXFileReference; lastKnownFileType = sourcecode.swift; path = Extensions.swift; sourceTree = "<group>"; };
		E3D635BF27C120DD0043308E /* LocationDetailsViewController.swift */ = {isa = PBXFileReference; lastKnownFileType = sourcecode.swift; path = LocationDetailsViewController.swift; sourceTree = "<group>"; };
		E3D635C127C1226A0043308E /* TwoLabelsCell.swift */ = {isa = PBXFileReference; lastKnownFileType = sourcecode.swift; path = TwoLabelsCell.swift; sourceTree = "<group>"; };
		E3D635C727C183230043308E /* DescriptionCell.swift */ = {isa = PBXFileReference; lastKnownFileType = sourcecode.swift; path = DescriptionCell.swift; sourceTree = "<group>"; };
		E3D635C827C183230043308E /* DescriptionCell.xib */ = {isa = PBXFileReference; lastKnownFileType = file.xib; path = DescriptionCell.xib; sourceTree = "<group>"; };
		E3D635D227C18E170043308E /* CategoryPickerViewController.swift */ = {isa = PBXFileReference; lastKnownFileType = sourcecode.swift; path = CategoryPickerViewController.swift; sourceTree = "<group>"; };
		E3D635D427C2A6F50043308E /* HudView.swift */ = {isa = PBXFileReference; lastKnownFileType = sourcecode.swift; path = HudView.swift; sourceTree = "<group>"; };
		E3D635D627C2DD520043308E /* Location+CoreDataClass.swift */ = {isa = PBXFileReference; lastKnownFileType = sourcecode.swift; path = "Location+CoreDataClass.swift"; sourceTree = "<group>"; };
		E3D635D727C2DD520043308E /* Location+CoreDataProperties.swift */ = {isa = PBXFileReference; lastKnownFileType = sourcecode.swift; path = "Location+CoreDataProperties.swift"; sourceTree = "<group>"; };
		E3D635DB27C3EB460043308E /* LocationsViewController.swift */ = {isa = PBXFileReference; lastKnownFileType = sourcecode.swift; path = LocationsViewController.swift; sourceTree = "<group>"; };
		E3D635E127C3F0E50043308E /* LocationCell.swift */ = {isa = PBXFileReference; lastKnownFileType = sourcecode.swift; path = LocationCell.swift; sourceTree = "<group>"; };
		E3D635E327C423A50043308E /* MapViewController.swift */ = {isa = PBXFileReference; lastKnownFileType = sourcecode.swift; path = MapViewController.swift; sourceTree = "<group>"; };
		E3D635E527C426A40043308E /* Protocols.swift */ = {isa = PBXFileReference; lastKnownFileType = sourcecode.swift; path = Protocols.swift; sourceTree = "<group>"; };
/* End PBXFileReference section */

/* Begin PBXFrameworksBuildPhase section */
		E3D635A027C047C30043308E /* Frameworks */ = {
			isa = PBXFrameworksBuildPhase;
			buildActionMask = 2147483647;
			files = (
			);
			runOnlyForDeploymentPostprocessing = 0;
		};
/* End PBXFrameworksBuildPhase section */

/* Begin PBXGroup section */
		E3D6359A27C047C20043308E = {
			isa = PBXGroup;
			children = (
				E3D635A527C047C30043308E /* MyLocations */,
				E3D635A427C047C30043308E /* Products */,
			);
			sourceTree = "<group>";
		};
		E3D635A427C047C30043308E /* Products */ = {
			isa = PBXGroup;
			children = (
				E3D635A327C047C30043308E /* MyLocations.app */,
			);
			name = Products;
			sourceTree = "<group>";
		};
		E3D635A527C047C30043308E /* MyLocations */ = {
			isa = PBXGroup;
			children = (
				E3D635BD27C062260043308E /* Extensions.swift */,
				E3D635E527C426A40043308E /* Protocols.swift */,
				E3D635B727C047C50043308E /* Info.plist */,
				E3D635DA27C2DD650043308E /* Model */,
				E3D635AF27C047C30043308E /* MyLocations.xcdatamodeld */,
				E3D635CD27C1898A0043308E /* Resources */,
				E3D635CC27C189700043308E /* ViewControllers */,
				E3D635CB27C1894C0043308E /* Views */,
			);
			path = MyLocations;
			sourceTree = "<group>";
		};
		E3D635CB27C1894C0043308E /* Views */ = {
			isa = PBXGroup;
			children = (
				E3D635C727C183230043308E /* DescriptionCell.swift */,
				E3D635D427C2A6F50043308E /* HudView.swift */,
				E3D635C127C1226A0043308E /* TwoLabelsCell.swift */,
				E3D635E127C3F0E50043308E /* LocationCell.swift */,
				E3D635C827C183230043308E /* DescriptionCell.xib */,
				E3D635AC27C047C30043308E /* Main.storyboard */,
				E3D635B427C047C50043308E /* LaunchScreen.storyboard */,
			);
			path = Views;
			sourceTree = "<group>";
		};
		E3D635CC27C189700043308E /* ViewControllers */ = {
			isa = PBXGroup;
			children = (
				E3D635AA27C047C30043308E /* CurrentLocationViewController.swift */,
				E3D635BF27C120DD0043308E /* LocationDetailsViewController.swift */,
				E3D635DB27C3EB460043308E /* LocationsViewController.swift */,
				E3D635E327C423A50043308E /* MapViewController.swift */,
				E3D635D227C18E170043308E /* CategoryPickerViewController.swift */,
			);
			path = ViewControllers;
			sourceTree = "<group>";
		};
		E3D635CD27C1898A0043308E /* Resources */ = {
			isa = PBXGroup;
			children = (
				E3D635A627C047C30043308E /* AppDelegate.swift */,
				E3D635A827C047C30043308E /* SceneDelegate.swift */,
				E3D635B227C047C50043308E /* Assets.xcassets */,
			);
			path = Resources;
			sourceTree = "<group>";
		};
		E3D635DA27C2DD650043308E /* Model */ = {
			isa = PBXGroup;
			children = (
				E3D635D627C2DD520043308E /* Location+CoreDataClass.swift */,
				E3D635D727C2DD520043308E /* Location+CoreDataProperties.swift */,
			);
			path = Model;
			sourceTree = "<group>";
		};
/* End PBXGroup section */

/* Begin PBXNativeTarget section */
		E3D635A227C047C30043308E /* MyLocations */ = {
			isa = PBXNativeTarget;
			buildConfigurationList = E3D635BA27C047C50043308E /* Build configuration list for PBXNativeTarget "MyLocations" */;
			buildPhases = (
				E3D6359F27C047C30043308E /* Sources */,
				E3D635A027C047C30043308E /* Frameworks */,
				E3D635A127C047C30043308E /* Resources */,
			);
			buildRules = (
			);
			dependencies = (
			);
			name = MyLocations;
			productName = MyLocations;
			productReference = E3D635A327C047C30043308E /* MyLocations.app */;
			productType = "com.apple.product-type.application";
		};
/* End PBXNativeTarget section */

/* Begin PBXProject section */
		E3D6359B27C047C20043308E /* Project object */ = {
			isa = PBXProject;
			attributes = {
				BuildIndependentTargetsInParallel = 1;
				LastSwiftUpdateCheck = 1320;
				LastUpgradeCheck = 1320;
				TargetAttributes = {
					E3D635A227C047C30043308E = {
						CreatedOnToolsVersion = 13.2.1;
					};
				};
			};
			buildConfigurationList = E3D6359E27C047C20043308E /* Build configuration list for PBXProject "MyLocations" */;
			compatibilityVersion = "Xcode 13.0";
			developmentRegion = en;
			hasScannedForEncodings = 0;
			knownRegions = (
				en,
				Base,
			);
			mainGroup = E3D6359A27C047C20043308E;
			productRefGroup = E3D635A427C047C30043308E /* Products */;
			projectDirPath = "";
			projectRoot = "";
			targets = (
				E3D635A227C047C30043308E /* MyLocations */,
			);
		};
/* End PBXProject section */

/* Begin PBXResourcesBuildPhase section */
		E3D635A127C047C30043308E /* Resources */ = {
			isa = PBXResourcesBuildPhase;
			buildActionMask = 2147483647;
			files = (
				E3D635CA27C183230043308E /* DescriptionCell.xib in Resources */,
				E3D635B627C047C50043308E /* LaunchScreen.storyboard in Resources */,
				E3D635B327C047C50043308E /* Assets.xcassets in Resources */,
				E3D635AE27C047C30043308E /* Main.storyboard in Resources */,
			);
			runOnlyForDeploymentPostprocessing = 0;
		};
/* End PBXResourcesBuildPhase section */

/* Begin PBXSourcesBuildPhase section */
		E3D6359F27C047C30043308E /* Sources */ = {
			isa = PBXSourcesBuildPhase;
			buildActionMask = 2147483647;
			files = (
				E3D635D327C18E170043308E /* CategoryPickerViewController.swift in Sources */,
				E3D635BE27C062260043308E /* Extensions.swift in Sources */,
				E3D635AB27C047C30043308E /* CurrentLocationViewController.swift in Sources */,
				E3D635C027C120DE0043308E /* LocationDetailsViewController.swift in Sources */,
				E3D635E227C3F0E60043308E /* LocationCell.swift in Sources */,
				E3D635A727C047C30043308E /* AppDelegate.swift in Sources */,
				E3D635C927C183230043308E /* DescriptionCell.swift in Sources */,
				E3D635D527C2A6F50043308E /* HudView.swift in Sources */,
				E3D635C227C1226A0043308E /* TwoLabelsCell.swift in Sources */,
				E3D635DC27C3EB460043308E /* LocationsViewController.swift in Sources */,
				E3D635D927C2DD520043308E /* Location+CoreDataProperties.swift in Sources */,
				E3D635B127C047C30043308E /* MyLocations.xcdatamodeld in Sources */,
				E3D635D827C2DD520043308E /* Location+CoreDataClass.swift in Sources */,
				E3D635E427C423A50043308E /* MapViewController.swift in Sources */,
				E3D635A927C047C30043308E /* SceneDelegate.swift in Sources */,
				E3D635E627C426A40043308E /* Protocols.swift in Sources */,
			);
			runOnlyForDeploymentPostprocessing = 0;
		};
/* End PBXSourcesBuildPhase section */

/* Begin PBXVariantGroup section */
		E3D635AC27C047C30043308E /* Main.storyboard */ = {
			isa = PBXVariantGroup;
			children = (
				E3D635AD27C047C30043308E /* Base */,
			);
			name = Main.storyboard;
			sourceTree = "<group>";
		};
		E3D635B427C047C50043308E /* LaunchScreen.storyboard */ = {
			isa = PBXVariantGroup;
			children = (
				E3D635B527C047C50043308E /* Base */,
			);
			name = LaunchScreen.storyboard;
			sourceTree = "<group>";
		};
/* End PBXVariantGroup section */

/* Begin XCBuildConfiguration section */
		E3D635B827C047C50043308E /* Debug */ = {
			isa = XCBuildConfiguration;
			buildSettings = {
				ALWAYS_SEARCH_USER_PATHS = NO;
				CLANG_ANALYZER_NONNULL = YES;
				CLANG_ANALYZER_NUMBER_OBJECT_CONVERSION = YES_AGGRESSIVE;
				CLANG_CXX_LANGUAGE_STANDARD = "gnu++17";
				CLANG_CXX_LIBRARY = "libc++";
				CLANG_ENABLE_MODULES = YES;
				CLANG_ENABLE_OBJC_ARC = YES;
				CLANG_ENABLE_OBJC_WEAK = YES;
				CLANG_WARN_BLOCK_CAPTURE_AUTORELEASING = YES;
				CLANG_WARN_BOOL_CONVERSION = YES;
				CLANG_WARN_COMMA = YES;
				CLANG_WARN_CONSTANT_CONVERSION = YES;
				CLANG_WARN_DEPRECATED_OBJC_IMPLEMENTATIONS = YES;
				CLANG_WARN_DIRECT_OBJC_ISA_USAGE = YES_ERROR;
				CLANG_WARN_DOCUMENTATION_COMMENTS = YES;
				CLANG_WARN_EMPTY_BODY = YES;
				CLANG_WARN_ENUM_CONVERSION = YES;
				CLANG_WARN_INFINITE_RECURSION = YES;
				CLANG_WARN_INT_CONVERSION = YES;
				CLANG_WARN_NON_LITERAL_NULL_CONVERSION = YES;
				CLANG_WARN_OBJC_IMPLICIT_RETAIN_SELF = YES;
				CLANG_WARN_OBJC_LITERAL_CONVERSION = YES;
				CLANG_WARN_OBJC_ROOT_CLASS = YES_ERROR;
				CLANG_WARN_QUOTED_INCLUDE_IN_FRAMEWORK_HEADER = YES;
				CLANG_WARN_RANGE_LOOP_ANALYSIS = YES;
				CLANG_WARN_STRICT_PROTOTYPES = YES;
				CLANG_WARN_SUSPICIOUS_MOVE = YES;
				CLANG_WARN_UNGUARDED_AVAILABILITY = YES_AGGRESSIVE;
				CLANG_WARN_UNREACHABLE_CODE = YES;
				CLANG_WARN__DUPLICATE_METHOD_MATCH = YES;
				COPY_PHASE_STRIP = NO;
				DEBUG_INFORMATION_FORMAT = dwarf;
				ENABLE_STRICT_OBJC_MSGSEND = YES;
				ENABLE_TESTABILITY = YES;
				GCC_C_LANGUAGE_STANDARD = gnu11;
				GCC_DYNAMIC_NO_PIC = NO;
				GCC_NO_COMMON_BLOCKS = YES;
				GCC_OPTIMIZATION_LEVEL = 0;
				GCC_PREPROCESSOR_DEFINITIONS = (
					"DEBUG=1",
					"$(inherited)",
				);
				GCC_WARN_64_TO_32_BIT_CONVERSION = YES;
				GCC_WARN_ABOUT_RETURN_TYPE = YES_ERROR;
				GCC_WARN_UNDECLARED_SELECTOR = YES;
				GCC_WARN_UNINITIALIZED_AUTOS = YES_AGGRESSIVE;
				GCC_WARN_UNUSED_FUNCTION = YES;
				GCC_WARN_UNUSED_VARIABLE = YES;
				IPHONEOS_DEPLOYMENT_TARGET = 15.2;
				MTL_ENABLE_DEBUG_INFO = INCLUDE_SOURCE;
				MTL_FAST_MATH = YES;
				ONLY_ACTIVE_ARCH = YES;
				SDKROOT = iphoneos;
				SWIFT_ACTIVE_COMPILATION_CONDITIONS = DEBUG;
				SWIFT_OPTIMIZATION_LEVEL = "-Onone";
			};
			name = Debug;
		};
		E3D635B927C047C50043308E /* Release */ = {
			isa = XCBuildConfiguration;
			buildSettings = {
				ALWAYS_SEARCH_USER_PATHS = NO;
				CLANG_ANALYZER_NONNULL = YES;
				CLANG_ANALYZER_NUMBER_OBJECT_CONVERSION = YES_AGGRESSIVE;
				CLANG_CXX_LANGUAGE_STANDARD = "gnu++17";
				CLANG_CXX_LIBRARY = "libc++";
				CLANG_ENABLE_MODULES = YES;
				CLANG_ENABLE_OBJC_ARC = YES;
				CLANG_ENABLE_OBJC_WEAK = YES;
				CLANG_WARN_BLOCK_CAPTURE_AUTORELEASING = YES;
				CLANG_WARN_BOOL_CONVERSION = YES;
				CLANG_WARN_COMMA = YES;
				CLANG_WARN_CONSTANT_CONVERSION = YES;
				CLANG_WARN_DEPRECATED_OBJC_IMPLEMENTATIONS = YES;
				CLANG_WARN_DIRECT_OBJC_ISA_USAGE = YES_ERROR;
				CLANG_WARN_DOCUMENTATION_COMMENTS = YES;
				CLANG_WARN_EMPTY_BODY = YES;
				CLANG_WARN_ENUM_CONVERSION = YES;
				CLANG_WARN_INFINITE_RECURSION = YES;
				CLANG_WARN_INT_CONVERSION = YES;
				CLANG_WARN_NON_LITERAL_NULL_CONVERSION = YES;
				CLANG_WARN_OBJC_IMPLICIT_RETAIN_SELF = YES;
				CLANG_WARN_OBJC_LITERAL_CONVERSION = YES;
				CLANG_WARN_OBJC_ROOT_CLASS = YES_ERROR;
				CLANG_WARN_QUOTED_INCLUDE_IN_FRAMEWORK_HEADER = YES;
				CLANG_WARN_RANGE_LOOP_ANALYSIS = YES;
				CLANG_WARN_STRICT_PROTOTYPES = YES;
				CLANG_WARN_SUSPICIOUS_MOVE = YES;
				CLANG_WARN_UNGUARDED_AVAILABILITY = YES_AGGRESSIVE;
				CLANG_WARN_UNREACHABLE_CODE = YES;
				CLANG_WARN__DUPLICATE_METHOD_MATCH = YES;
				COPY_PHASE_STRIP = NO;
				DEBUG_INFORMATION_FORMAT = "dwarf-with-dsym";
				ENABLE_NS_ASSERTIONS = NO;
				ENABLE_STRICT_OBJC_MSGSEND = YES;
				GCC_C_LANGUAGE_STANDARD = gnu11;
				GCC_NO_COMMON_BLOCKS = YES;
				GCC_WARN_64_TO_32_BIT_CONVERSION = YES;
				GCC_WARN_ABOUT_RETURN_TYPE = YES_ERROR;
				GCC_WARN_UNDECLARED_SELECTOR = YES;
				GCC_WARN_UNINITIALIZED_AUTOS = YES_AGGRESSIVE;
				GCC_WARN_UNUSED_FUNCTION = YES;
				GCC_WARN_UNUSED_VARIABLE = YES;
				IPHONEOS_DEPLOYMENT_TARGET = 15.2;
				MTL_ENABLE_DEBUG_INFO = NO;
				MTL_FAST_MATH = YES;
				SDKROOT = iphoneos;
				SWIFT_COMPILATION_MODE = wholemodule;
				SWIFT_OPTIMIZATION_LEVEL = "-O";
				VALIDATE_PRODUCT = YES;
			};
			name = Release;
		};
		E3D635BB27C047C50043308E /* Debug */ = {
			isa = XCBuildConfiguration;
			buildSettings = {
				ASSETCATALOG_COMPILER_APPICON_NAME = AppIcon;
				ASSETCATALOG_COMPILER_GLOBAL_ACCENT_COLOR_NAME = AccentColor;
				CODE_SIGN_STYLE = Automatic;
				CURRENT_PROJECT_VERSION = 1;
				DEVELOPMENT_TEAM = GW7LHNH94F;
				GENERATE_INFOPLIST_FILE = YES;
				INFOPLIST_FILE = MyLocations/Info.plist;
				INFOPLIST_KEY_NSLocationWhenInUseUsageDescription = "This app lets you keep track of interesting places. It needs to access to the GPS coordinates for your location.";
				INFOPLIST_KEY_UIApplicationSupportsIndirectInputEvents = YES;
				INFOPLIST_KEY_UILaunchStoryboardName = LaunchScreen;
				INFOPLIST_KEY_UIMainStoryboardFile = Main;
				INFOPLIST_KEY_UIRequiredDeviceCapabilities = "gps location-services";
				INFOPLIST_KEY_UISupportedInterfaceOrientations = UIInterfaceOrientationPortrait;
				INFOPLIST_KEY_UISupportedInterfaceOrientations_iPad = "UIInterfaceOrientationPortrait UIInterfaceOrientationPortraitUpsideDown UIInterfaceOrientationLandscapeLeft UIInterfaceOrientationLandscapeRight";
				INFOPLIST_KEY_UISupportedInterfaceOrientations_iPhone = "UIInterfaceOrientationPortrait UIInterfaceOrientationLandscapeLeft UIInterfaceOrientationLandscapeRight";
				LD_RUNPATH_SEARCH_PATHS = (
					"$(inherited)",
					"@executable_path/Frameworks",
				);
				MARKETING_VERSION = 1.0;
				PRODUCT_BUNDLE_IDENTIFIER = ViktorRubenko.MyLocations;
				PRODUCT_NAME = "$(TARGET_NAME)";
				SWIFT_EMIT_LOC_STRINGS = YES;
				SWIFT_VERSION = 5.0;
				TARGETED_DEVICE_FAMILY = 1;
			};
			name = Debug;
		};
		E3D635BC27C047C50043308E /* Release */ = {
			isa = XCBuildConfiguration;
			buildSettings = {
				ASSETCATALOG_COMPILER_APPICON_NAME = AppIcon;
				ASSETCATALOG_COMPILER_GLOBAL_ACCENT_COLOR_NAME = AccentColor;
				CODE_SIGN_STYLE = Automatic;
				CURRENT_PROJECT_VERSION = 1;
				DEVELOPMENT_TEAM = GW7LHNH94F;
				GENERATE_INFOPLIST_FILE = YES;
				INFOPLIST_FILE = MyLocations/Info.plist;
				INFOPLIST_KEY_NSLocationWhenInUseUsageDescription = "This app lets you keep track of interesting places. It needs to access to the GPS coordinates for your location.";
				INFOPLIST_KEY_UIApplicationSupportsIndirectInputEvents = YES;
				INFOPLIST_KEY_UILaunchStoryboardName = LaunchScreen;
				INFOPLIST_KEY_UIMainStoryboardFile = Main;
				INFOPLIST_KEY_UIRequiredDeviceCapabilities = "gps location-services";
				INFOPLIST_KEY_UISupportedInterfaceOrientations = UIInterfaceOrientationPortrait;
				INFOPLIST_KEY_UISupportedInterfaceOrientations_iPad = "UIInterfaceOrientationPortrait UIInterfaceOrientationPortraitUpsideDown UIInterfaceOrientationLandscapeLeft UIInterfaceOrientationLandscapeRight";
				INFOPLIST_KEY_UISupportedInterfaceOrientations_iPhone = "UIInterfaceOrientationPortrait UIInterfaceOrientationLandscapeLeft UIInterfaceOrientationLandscapeRight";
				LD_RUNPATH_SEARCH_PATHS = (
					"$(inherited)",
					"@executable_path/Frameworks",
				);
				MARKETING_VERSION = 1.0;
				PRODUCT_BUNDLE_IDENTIFIER = ViktorRubenko.MyLocations;
				PRODUCT_NAME = "$(TARGET_NAME)";
				SWIFT_EMIT_LOC_STRINGS = YES;
				SWIFT_VERSION = 5.0;
				TARGETED_DEVICE_FAMILY = 1;
			};
			name = Release;
		};
/* End XCBuildConfiguration section */

/* Begin XCConfigurationList section */
		E3D6359E27C047C20043308E /* Build configuration list for PBXProject "MyLocations" */ = {
			isa = XCConfigurationList;
			buildConfigurations = (
				E3D635B827C047C50043308E /* Debug */,
				E3D635B927C047C50043308E /* Release */,
			);
			defaultConfigurationIsVisible = 0;
			defaultConfigurationName = Release;
		};
		E3D635BA27C047C50043308E /* Build configuration list for PBXNativeTarget "MyLocations" */ = {
			isa = XCConfigurationList;
			buildConfigurations = (
				E3D635BB27C047C50043308E /* Debug */,
				E3D635BC27C047C50043308E /* Release */,
			);
			defaultConfigurationIsVisible = 0;
			defaultConfigurationName = Release;
		};
/* End XCConfigurationList section */

/* Begin XCVersionGroup section */
		E3D635AF27C047C30043308E /* MyLocations.xcdatamodeld */ = {
			isa = XCVersionGroup;
			children = (
				E3D635B027C047C30043308E /* MyLocations.xcdatamodel */,
			);
			currentVersion = E3D635B027C047C30043308E /* MyLocations.xcdatamodel */;
			path = MyLocations.xcdatamodeld;
			sourceTree = "<group>";
			versionGroupType = wrapper.xcdatamodel;
		};
/* End XCVersionGroup section */
	};
	rootObject = E3D6359B27C047C20043308E /* Project object */;
}
